{
  "version": 4,
  "terraform_version": "1.13.3",
  "serial": 70,
  "lineage": "076d9373-9fd2-9334-e4e4-f63c690aabc7",
  "outputs": {
    "container_app_environment_id": {
      "value": "/subscriptions/ab47ef45-77ac-4af6-9529-4a2c01833d92/resourceGroups/swamp-rg/providers/Microsoft.App/managedEnvironments/swamp-iot-env",
      "type": "string"
    },
    "container_registry_admin_password": {
      "value": "WU91oA7N46B36gYjPNfASsqruZgPFQN6wcmvUAoaBA+ACRCHFdeW",
      "type": "string",
      "sensitive": true
    },
    "container_registry_admin_username": {
      "value": "swamparc",
      "type": "string"
    },
    "container_registry_id": {
      "value": "/subscriptions/ab47ef45-77ac-4af6-9529-4a2c01833d92/resourceGroups/swamp-rg/providers/Microsoft.ContainerRegistry/registries/swamparc",
      "type": "string"
    },
    "container_registry_login_server": {
      "value": "swamparc.azurecr.io",
      "type": "string"
    },
    "cosmosdb_account_id": {
      "value": "/subscriptions/ab47ef45-77ac-4af6-9529-4a2c01833d92/resourceGroups/swamp-rg/providers/Microsoft.DocumentDB/databaseAccounts/swamp-cosmosdb-ac",
      "type": "string"
    },
    "cosmosdb_endpoint": {
      "value": "https://swamp-cosmosdb-ac.documents.azure.com:443/",
      "type": "string"
    },
    "cosmosdb_primary_key": {
      "value": "8EQNWBPaGnpdguy5MXLijvJFS7ogrSPSiJJPKHbEvuvIAfdOSujg6koxqCtpkH1hDEZGqwjlbVfjACDb4yL2Tg==",
      "type": "string",
      "sensitive": true
    },
    "cosmosdb_sql_container_id": {
      "value": "/subscriptions/ab47ef45-77ac-4af6-9529-4a2c01833d92/resourceGroups/swamp-rg/providers/Microsoft.DocumentDB/databaseAccounts/swamp-cosmosdb-ac/sqlDatabases/swamp-db/containers/sensor-data",
      "type": "string"
    },
    "cosmosdb_sql_database_id": {
      "value": "/subscriptions/ab47ef45-77ac-4af6-9529-4a2c01833d92/resourceGroups/swamp-rg/providers/Microsoft.DocumentDB/databaseAccounts/swamp-cosmosdb-ac/sqlDatabases/swamp-db",
      "type": "string"
    },
    "eventhub_connection_string": {
      "value": "Endpoint=sb://swamp-hubs.servicebus.windows.net/;SharedAccessKeyName=swamp-job_swamp-event_policy;SharedAccessKey=OKnbP0rNOm5/a4nYsK1fI5j5eH6a2JKcH+AEhGl2+sc=;EntityPath=swamp-event",
      "type": "string",
      "sensitive": true
    },
    "eventhub_id": {
      "value": "/subscriptions/ab47ef45-77ac-4af6-9529-4a2c01833d92/resourceGroups/swamp-rg/providers/Microsoft.EventHub/namespaces/swamp-hubs/eventhubs/swamp-event",
      "type": "string"
    },
    "eventhub_namespace_id": {
      "value": "/subscriptions/ab47ef45-77ac-4af6-9529-4a2c01833d92/resourceGroups/swamp-rg/providers/Microsoft.EventHub/namespaces/swamp-hubs",
      "type": "string"
    },
    "linux_web_app_id": {
      "value": "/subscriptions/ab47ef45-77ac-4af6-9529-4a2c01833d92/resourceGroups/swamp-rg/providers/Microsoft.Web/sites/swamp",
      "type": "string"
    },
    "log_analytics_workspace_id": {
      "value": "/subscriptions/ab47ef45-77ac-4af6-9529-4a2c01833d92/resourceGroups/swamp-rg/providers/Microsoft.OperationalInsights/workspaces/swamp-logs",
      "type": "string"
    },
    "resource_group_name": {
      "value": "swamp-rg",
      "type": "string"
    },
    "service_plan_id": {
      "value": "/subscriptions/ab47ef45-77ac-4af6-9529-4a2c01833d92/resourceGroups/swamp-rg/providers/Microsoft.Web/serverfarms/swamp-plan",
      "type": "string"
    },
    "webapp_default_hostname": {
      "value": "swamp.azurewebsites.net",
      "type": "string"
    },
    "webapp_url": {
      "value": "https://swamp.azurewebsites.net",
      "type": "string"
    }
  },
  "resources": [
    {
      "mode": "data",
      "type": "azurerm_client_config",
      "name": "current",
      "provider": "provider[\"registry.terraform.io/hashicorp/azurerm\"]",
      "instances": [
        {
          "schema_version": 0,
          "attributes": {
            "client_id": "04b07795-8ddb-461a-bbee-02f9e1bf7b46",
            "id": "Y2xpZW50Q29uZmlncy9jbGllbnRJZD0wNGIwNzc5NS04ZGRiLTQ2MWEtYmJlZS0wMmY5ZTFiZjdiNDY7b2JqZWN0SWQ9MTQ5NzNkY2ItZTYwNy00YmNhLWJjZjMtNDFiZGQ0YWYxOTQxO3N1YnNjcmlwdGlvbklkPWFiNDdlZjQ1LTc3YWMtNGFmNi05NTI5LTRhMmMwMTgzM2Q5Mjt0ZW5hbnRJZD1mYzEzNzA2NC1iOGNmLTRjNTMtOWJhMS0zZGYxOTIxZGE3M2I=",
            "object_id": "14973dcb-e607-4bca-bcf3-41bdd4af1941",
            "subscription_id": "ab47ef45-77ac-4af6-9529-4a2c01833d92",
            "tenant_id": "fc137064-b8cf-4c53-9ba1-3df1921da73b",
            "timeouts": null
          },
          "sensitive_attributes": [],
          "identity_schema_version": 0
        }
      ]
    },
    {
      "mode": "managed",
      "type": "azurerm_container_app_environment",
      "name": "main",
      "provider": "provider[\"registry.terraform.io/hashicorp/azurerm\"]",
      "instances": [
        {
          "schema_version": 0,
          "attributes": {
            "dapr_application_insights_connection_string": "",
            "default_domain": "mangohill-3768a010.norwayeast.azurecontainerapps.io",
            "docker_bridge_cidr": "",
            "id": "/subscriptions/ab47ef45-77ac-4af6-9529-4a2c01833d92/resourceGroups/swamp-rg/providers/Microsoft.App/managedEnvironments/swamp-iot-env",
            "infrastructure_subnet_id": "",
            "internal_load_balancer_enabled": false,
            "location": "norwayeast",
            "log_analytics_workspace_id": "/subscriptions/ab47ef45-77ac-4af6-9529-4a2c01833d92/resourceGroups/swamp-rg/providers/Microsoft.OperationalInsights/workspaces/swamp-logs",
            "name": "swamp-iot-env",
            "platform_reserved_cidr": "",
            "platform_reserved_dns_ip_address": "",
            "resource_group_name": "swamp-rg",
            "static_ip_address": "",
            "tags": {
              "Environment": "Development",
              "Project": "SWAMP"
            },
            "timeouts": null,
            "workload_profile": [],
            "zone_redundancy_enabled": false
          },
          "sensitive_attributes": [
            [
              {
                "type": "get_attr",
                "value": "dapr_application_insights_connection_string"
              }
            ]
          ],
          "identity_schema_version": 0,
          "private": "eyJlMmJmYjczMC1lY2FhLTExZTYtOGY4OC0zNDM2M2JjN2M0YzAiOnsiY3JlYXRlIjoxODAwMDAwMDAwMDAwLCJkZWxldGUiOjE4MDAwMDAwMDAwMDAsInJlYWQiOjMwMDAwMDAwMDAwMCwidXBkYXRlIjoxODAwMDAwMDAwMDAwfX0=",
          "dependencies": [
            "azurerm_log_analytics_workspace.main",
            "azurerm_resource_group.main"
          ]
        }
      ]
    },
    {
      "mode": "managed",
      "type": "azurerm_container_registry",
      "name": "main",
      "provider": "provider[\"registry.terraform.io/hashicorp/azurerm\"]",
      "instances": [
        {
          "schema_version": 2,
          "attributes": {
            "admin_enabled": true,
            "admin_password": "WU91oA7N46B36gYjPNfASsqruZgPFQN6wcmvUAoaBA+ACRCHFdeW",
            "admin_username": "swamparc",
            "anonymous_pull_enabled": false,
            "data_endpoint_enabled": false,
            "encryption": [
              {
                "enabled": false,
                "identity_client_id": "",
                "key_vault_key_id": ""
              }
            ],
            "export_policy_enabled": true,
            "georeplications": [],
            "id": "/subscriptions/ab47ef45-77ac-4af6-9529-4a2c01833d92/resourceGroups/swamp-rg/providers/Microsoft.ContainerRegistry/registries/swamparc",
            "identity": [],
            "location": "norwayeast",
            "login_server": "swamparc.azurecr.io",
            "name": "swamparc",
            "network_rule_bypass_option": "AzureServices",
            "network_rule_set": [],
            "public_network_access_enabled": true,
            "quarantine_policy_enabled": false,
            "resource_group_name": "swamp-rg",
            "retention_policy": [
              {
                "days": 7,
                "enabled": false
              }
            ],
            "sku": "Basic",
            "tags": {
              "Environment": "Development",
              "Project": "SWAMP"
            },
            "timeouts": null,
            "trust_policy": [
              {
                "enabled": false
              }
            ],
            "zone_redundancy_enabled": false
          },
          "sensitive_attributes": [
            [
              {
                "type": "get_attr",
                "value": "admin_password"
              }
            ]
          ],
          "identity_schema_version": 0,
          "private": "eyJlMmJmYjczMC1lY2FhLTExZTYtOGY4OC0zNDM2M2JjN2M0YzAiOnsiY3JlYXRlIjoxODAwMDAwMDAwMDAwLCJkZWxldGUiOjE4MDAwMDAwMDAwMDAsInJlYWQiOjMwMDAwMDAwMDAwMCwidXBkYXRlIjoxODAwMDAwMDAwMDAwfSwic2NoZW1hX3ZlcnNpb24iOiIyIn0=",
          "dependencies": [
            "azurerm_resource_group.main"
          ]
        }
      ]
    },
    {
      "mode": "managed",
      "type": "azurerm_cosmosdb_account",
      "name": "main",
      "provider": "provider[\"registry.terraform.io/hashicorp/azurerm\"]",
      "instances": [
        {
          "schema_version": 0,
          "attributes": {
            "access_key_metadata_writes_enabled": true,
            "analytical_storage": [
              {
                "schema_type": "WellDefined"
              }
            ],
            "analytical_storage_enabled": false,
            "backup": [
              {
                "interval_in_minutes": 240,
                "retention_in_hours": 8,
                "storage_redundancy": "Geo",
                "type": "Periodic"
              }
            ],
            "capabilities": [
              {
                "name": "EnableServerless"
              }
            ],
            "capacity": [],
            "connection_strings": [
              "AccountEndpoint=https://swamp-cosmosdb-ac.documents.azure.com:443/;AccountKey=8EQNWBPaGnpdguy5MXLijvJFS7ogrSPSiJJPKHbEvuvIAfdOSujg6koxqCtpkH1hDEZGqwjlbVfjACDb4yL2Tg==;",
              "AccountEndpoint=https://swamp-cosmosdb-ac.documents.azure.com:443/;AccountKey=fkSmhQ2Yozvxx5dgyMhVKs89bhNXi61UGwZVxkazmigg5bmacFRoN4Mwbn3s1coIKG0iUl0r6o0YACDb5N6b4w==;",
              "AccountEndpoint=https://swamp-cosmosdb-ac.documents.azure.com:443/;AccountKey=omv8fKl7btuHTvb8epkuwvlKPIYk5Djebp3esnScnFCrbH5qhE7rQUTjs3oUMnf9t3zJ6Pk611dfACDbR76cUA==;",
              "AccountEndpoint=https://swamp-cosmosdb-ac.documents.azure.com:443/;AccountKey=1OWWAYTKrmRrk94SP64ZaqMX1XUoMVF1mRupzcR1OTDi4LWpUo2BYhTMTsj1Cj5x8wLApFQI2b8UACDbV3nqEQ==;"
            ],
            "consistency_policy": [
              {
                "consistency_level": "Session",
                "max_interval_in_seconds": 5,
                "max_staleness_prefix": 100
              }
            ],
            "cors_rule": [],
            "create_mode": "",
            "default_identity_type": "FirstPartyIdentity",
            "enable_automatic_failover": false,
            "enable_free_tier": false,
            "enable_multiple_write_locations": false,
            "endpoint": "https://swamp-cosmosdb-ac.documents.azure.com:443/",
            "geo_location": [
              {
                "failover_priority": 0,
                "id": "swamp-cosmosdb-ac-norwayeast",
                "location": "norwayeast",
                "zone_redundant": false
              }
            ],
            "id": "/subscriptions/ab47ef45-77ac-4af6-9529-4a2c01833d92/resourceGroups/swamp-rg/providers/Microsoft.DocumentDB/databaseAccounts/swamp-cosmosdb-ac",
            "identity": [],
            "ip_range_filter": "",
            "is_virtual_network_filter_enabled": false,
            "key_vault_key_id": null,
            "kind": "GlobalDocumentDB",
            "local_authentication_disabled": false,
            "location": "norwayeast",
            "mongo_server_version": null,
            "name": "swamp-cosmosdb-ac",
            "network_acl_bypass_for_azure_services": false,
            "network_acl_bypass_ids": [],
            "offer_type": "Standard",
            "primary_key": "8EQNWBPaGnpdguy5MXLijvJFS7ogrSPSiJJPKHbEvuvIAfdOSujg6koxqCtpkH1hDEZGqwjlbVfjACDb4yL2Tg==",
            "primary_mongodb_connection_string": null,
            "primary_readonly_key": "omv8fKl7btuHTvb8epkuwvlKPIYk5Djebp3esnScnFCrbH5qhE7rQUTjs3oUMnf9t3zJ6Pk611dfACDbR76cUA==",
            "primary_readonly_mongodb_connection_string": null,
            "primary_readonly_sql_connection_string": "AccountEndpoint=https://swamp-cosmosdb-ac.documents.azure.com:443/;AccountKey=omv8fKl7btuHTvb8epkuwvlKPIYk5Djebp3esnScnFCrbH5qhE7rQUTjs3oUMnf9t3zJ6Pk611dfACDbR76cUA==;",
            "primary_sql_connection_string": "AccountEndpoint=https://swamp-cosmosdb-ac.documents.azure.com:443/;AccountKey=8EQNWBPaGnpdguy5MXLijvJFS7ogrSPSiJJPKHbEvuvIAfdOSujg6koxqCtpkH1hDEZGqwjlbVfjACDb4yL2Tg==;",
            "public_network_access_enabled": true,
            "read_endpoints": [
              "https://swamp-cosmosdb-ac-norwayeast.documents.azure.com:443/"
            ],
            "resource_group_name": "swamp-rg",
            "restore": [],
            "secondary_key": "fkSmhQ2Yozvxx5dgyMhVKs89bhNXi61UGwZVxkazmigg5bmacFRoN4Mwbn3s1coIKG0iUl0r6o0YACDb5N6b4w==",
            "secondary_mongodb_connection_string": null,
            "secondary_readonly_key": "1OWWAYTKrmRrk94SP64ZaqMX1XUoMVF1mRupzcR1OTDi4LWpUo2BYhTMTsj1Cj5x8wLApFQI2b8UACDbV3nqEQ==",
            "secondary_readonly_mongodb_connection_string": null,
            "secondary_readonly_sql_connection_string": "AccountEndpoint=https://swamp-cosmosdb-ac.documents.azure.com:443/;AccountKey=1OWWAYTKrmRrk94SP64ZaqMX1XUoMVF1mRupzcR1OTDi4LWpUo2BYhTMTsj1Cj5x8wLApFQI2b8UACDbV3nqEQ==;",
            "secondary_sql_connection_string": "AccountEndpoint=https://swamp-cosmosdb-ac.documents.azure.com:443/;AccountKey=fkSmhQ2Yozvxx5dgyMhVKs89bhNXi61UGwZVxkazmigg5bmacFRoN4Mwbn3s1coIKG0iUl0r6o0YACDb5N6b4w==;",
            "tags": {
              "Environment": "Development",
              "Project": "SWAMP"
            },
            "timeouts": null,
            "virtual_network_rule": [],
            "write_endpoints": [
              "https://swamp-cosmosdb-ac-norwayeast.documents.azure.com:443/"
            ]
          },
          "sensitive_attributes": [
            [
              {
                "type": "get_attr",
                "value": "connection_strings"
              }
            ],
            [
              {
                "type": "get_attr",
                "value": "primary_key"
              }
            ],
            [
              {
                "type": "get_attr",
                "value": "primary_mongodb_connection_string"
              }
            ],
            [
              {
                "type": "get_attr",
                "value": "primary_readonly_key"
              }
            ],
            [
              {
                "type": "get_attr",
                "value": "primary_readonly_mongodb_connection_string"
              }
            ],
            [
              {
                "type": "get_attr",
                "value": "primary_readonly_sql_connection_string"
              }
            ],
            [
              {
                "type": "get_attr",
                "value": "primary_sql_connection_string"
              }
            ],
            [
              {
                "type": "get_attr",
                "value": "secondary_key"
              }
            ],
            [
              {
                "type": "get_attr",
                "value": "secondary_mongodb_connection_string"
              }
            ],
            [
              {
                "type": "get_attr",
                "value": "secondary_readonly_key"
              }
            ],
            [
              {
                "type": "get_attr",
                "value": "secondary_readonly_mongodb_connection_string"
              }
            ],
            [
              {
                "type": "get_attr",
                "value": "secondary_readonly_sql_connection_string"
              }
            ],
            [
              {
                "type": "get_attr",
                "value": "secondary_sql_connection_string"
              }
            ]
          ],
          "identity_schema_version": 0,
          "private": "eyJlMmJmYjczMC1lY2FhLTExZTYtOGY4OC0zNDM2M2JjN2M0YzAiOnsiY3JlYXRlIjoxMDgwMDAwMDAwMDAwMCwiZGVsZXRlIjoxMDgwMDAwMDAwMDAwMCwicmVhZCI6MzAwMDAwMDAwMDAwLCJ1cGRhdGUiOjEwODAwMDAwMDAwMDAwfX0=",
          "dependencies": [
            "azurerm_resource_group.main"
          ]
        }
      ]
    },
    {
      "mode": "managed",
      "type": "azurerm_cosmosdb_sql_container",
      "name": "main",
      "provider": "provider[\"registry.terraform.io/hashicorp/azurerm\"]",
      "instances": [
        {
          "schema_version": 1,
          "attributes": {
            "account_name": "swamp-cosmosdb-ac",
            "analytical_storage_ttl": null,
            "autoscale_settings": [],
            "conflict_resolution_policy": [
              {
                "conflict_resolution_path": "/_ts",
                "conflict_resolution_procedure": "",
                "mode": "LastWriterWins"
              }
            ],
            "database_name": "swamp-db",
            "default_ttl": null,
            "id": "/subscriptions/ab47ef45-77ac-4af6-9529-4a2c01833d92/resourceGroups/swamp-rg/providers/Microsoft.DocumentDB/databaseAccounts/swamp-cosmosdb-ac/sqlDatabases/swamp-db/containers/sensor-data",
            "indexing_policy": [
              {
                "composite_index": [],
                "excluded_path": [],
                "included_path": [
                  {
                    "path": "/*"
                  }
                ],
                "indexing_mode": "consistent",
                "spatial_index": []
              }
            ],
            "name": "sensor-data",
            "partition_key_path": "/sensorId",
            "partition_key_version": 2,
            "resource_group_name": "swamp-rg",
            "throughput": null,
            "timeouts": null,
            "unique_key": []
          },
          "sensitive_attributes": [],
          "identity_schema_version": 0,
          "private": "eyJlMmJmYjczMC1lY2FhLTExZTYtOGY4OC0zNDM2M2JjN2M0YzAiOnsiY3JlYXRlIjoxODAwMDAwMDAwMDAwLCJkZWxldGUiOjE4MDAwMDAwMDAwMDAsInJlYWQiOjMwMDAwMDAwMDAwMCwidXBkYXRlIjoxODAwMDAwMDAwMDAwfSwic2NoZW1hX3ZlcnNpb24iOiIxIn0=",
          "dependencies": [
            "azurerm_cosmosdb_account.main",
            "azurerm_cosmosdb_sql_database.main",
            "azurerm_resource_group.main"
          ]
        }
      ]
    },
    {
      "mode": "managed",
      "type": "azurerm_cosmosdb_sql_database",
      "name": "main",
      "provider": "provider[\"registry.terraform.io/hashicorp/azurerm\"]",
      "instances": [
        {
          "schema_version": 1,
          "attributes": {
            "account_name": "swamp-cosmosdb-ac",
            "autoscale_settings": [],
            "id": "/subscriptions/ab47ef45-77ac-4af6-9529-4a2c01833d92/resourceGroups/swamp-rg/providers/Microsoft.DocumentDB/databaseAccounts/swamp-cosmosdb-ac/sqlDatabases/swamp-db",
            "name": "swamp-db",
            "resource_group_name": "swamp-rg",
            "throughput": null,
            "timeouts": null
          },
          "sensitive_attributes": [],
          "identity_schema_version": 0,
          "private": "eyJlMmJmYjczMC1lY2FhLTExZTYtOGY4OC0zNDM2M2JjN2M0YzAiOnsiY3JlYXRlIjoxODAwMDAwMDAwMDAwLCJkZWxldGUiOjE4MDAwMDAwMDAwMDAsInJlYWQiOjMwMDAwMDAwMDAwMCwidXBkYXRlIjoxODAwMDAwMDAwMDAwfSwic2NoZW1hX3ZlcnNpb24iOiIxIn0=",
          "dependencies": [
            "azurerm_cosmosdb_account.main",
            "azurerm_resource_group.main"
          ]
        }
      ]
    },
    {
      "mode": "managed",
      "type": "azurerm_eventhub",
      "name": "main",
      "provider": "provider[\"registry.terraform.io/hashicorp/azurerm\"]",
      "instances": [
        {
          "schema_version": 0,
          "attributes": {
            "capture_description": [],
            "id": "/subscriptions/ab47ef45-77ac-4af6-9529-4a2c01833d92/resourceGroups/swamp-rg/providers/Microsoft.EventHub/namespaces/swamp-hubs/eventhubs/swamp-event",
            "message_retention": 1,
            "name": "swamp-event",
            "namespace_name": "swamp-hubs",
            "partition_count": 2,
            "partition_ids": [
              "0",
              "1"
            ],
            "resource_group_name": "swamp-rg",
            "status": "Active",
            "timeouts": null
          },
          "sensitive_attributes": [],
          "identity_schema_version": 0,
          "private": "eyJlMmJmYjczMC1lY2FhLTExZTYtOGY4OC0zNDM2M2JjN2M0YzAiOnsiY3JlYXRlIjoxODAwMDAwMDAwMDAwLCJkZWxldGUiOjE4MDAwMDAwMDAwMDAsInJlYWQiOjMwMDAwMDAwMDAwMCwidXBkYXRlIjoxODAwMDAwMDAwMDAwfX0=",
          "dependencies": [
            "azurerm_eventhub_namespace.main",
            "azurerm_resource_group.main"
          ]
        }
      ]
    },
    {
      "mode": "managed",
      "type": "azurerm_eventhub_authorization_rule",
      "name": "main",
      "provider": "provider[\"registry.terraform.io/hashicorp/azurerm\"]",
      "instances": [
        {
          "schema_version": 1,
          "attributes": {
            "eventhub_name": "swamp-event",
            "id": "/subscriptions/ab47ef45-77ac-4af6-9529-4a2c01833d92/resourceGroups/swamp-rg/providers/Microsoft.EventHub/namespaces/swamp-hubs/eventhubs/swamp-event/authorizationRules/swamp-job_swamp-event_policy",
            "listen": true,
            "manage": false,
            "name": "swamp-job_swamp-event_policy",
            "namespace_name": "swamp-hubs",
            "primary_connection_string": "Endpoint=sb://swamp-hubs.servicebus.windows.net/;SharedAccessKeyName=swamp-job_swamp-event_policy;SharedAccessKey=OKnbP0rNOm5/a4nYsK1fI5j5eH6a2JKcH+AEhGl2+sc=;EntityPath=swamp-event",
            "primary_connection_string_alias": "",
            "primary_key": "OKnbP0rNOm5/a4nYsK1fI5j5eH6a2JKcH+AEhGl2+sc=",
            "resource_group_name": "swamp-rg",
            "secondary_connection_string": "Endpoint=sb://swamp-hubs.servicebus.windows.net/;SharedAccessKeyName=swamp-job_swamp-event_policy;SharedAccessKey=6BR4hp1P8woUapjDwZp8qf/PtMWNDxSHZ+AEhC/Y+2o=;EntityPath=swamp-event",
            "secondary_connection_string_alias": "",
            "secondary_key": "6BR4hp1P8woUapjDwZp8qf/PtMWNDxSHZ+AEhC/Y+2o=",
            "send": true,
            "timeouts": null
          },
          "sensitive_attributes": [
            [
              {
                "type": "get_attr",
                "value": "primary_connection_string"
              }
            ],
            [
              {
                "type": "get_attr",
                "value": "primary_connection_string_alias"
              }
            ],
            [
              {
                "type": "get_attr",
                "value": "primary_key"
              }
            ],
            [
              {
                "type": "get_attr",
                "value": "secondary_connection_string"
              }
            ],
            [
              {
                "type": "get_attr",
                "value": "secondary_connection_string_alias"
              }
            ],
            [
              {
                "type": "get_attr",
                "value": "secondary_key"
              }
            ]
          ],
          "identity_schema_version": 0,
          "private": "eyJlMmJmYjczMC1lY2FhLTExZTYtOGY4OC0zNDM2M2JjN2M0YzAiOnsiY3JlYXRlIjoxODAwMDAwMDAwMDAwLCJkZWxldGUiOjE4MDAwMDAwMDAwMDAsInJlYWQiOjMwMDAwMDAwMDAwMCwidXBkYXRlIjoxODAwMDAwMDAwMDAwfSwic2NoZW1hX3ZlcnNpb24iOiIxIn0=",
          "dependencies": [
            "azurerm_eventhub.main",
            "azurerm_eventhub_namespace.main",
            "azurerm_resource_group.main"
          ]
        }
      ]
    },
    {
      "mode": "managed",
      "type": "azurerm_eventhub_namespace",
      "name": "main",
      "provider": "provider[\"registry.terraform.io/hashicorp/azurerm\"]",
      "instances": [
        {
          "schema_version": 0,
          "attributes": {
            "auto_inflate_enabled": false,
            "capacity": 1,
            "dedicated_cluster_id": "",
            "default_primary_connection_string": "Endpoint=sb://swamp-hubs.servicebus.windows.net/;SharedAccessKeyName=RootManageSharedAccessKey;SharedAccessKey=YfZcUYjoM9OmyfmvOVdle2XMujPHOHsql+AEhEtMRRM=",
            "default_primary_connection_string_alias": "",
            "default_primary_key": "YfZcUYjoM9OmyfmvOVdle2XMujPHOHsql+AEhEtMRRM=",
            "default_secondary_connection_string": "Endpoint=sb://swamp-hubs.servicebus.windows.net/;SharedAccessKeyName=RootManageSharedAccessKey;SharedAccessKey=l9Zo4ruUvBEds0g7bLsbefJ+2OfAIVeQ7+AEhOCmvLk=",
            "default_secondary_connection_string_alias": "",
            "default_secondary_key": "l9Zo4ruUvBEds0g7bLsbefJ+2OfAIVeQ7+AEhOCmvLk=",
            "id": "/subscriptions/ab47ef45-77ac-4af6-9529-4a2c01833d92/resourceGroups/swamp-rg/providers/Microsoft.EventHub/namespaces/swamp-hubs",
            "identity": [],
            "local_authentication_enabled": true,
            "location": "norwayeast",
            "maximum_throughput_units": 0,
            "minimum_tls_version": "1.2",
            "name": "swamp-hubs",
            "network_rulesets": [
              {
                "default_action": "Allow",
                "ip_rule": [],
                "public_network_access_enabled": true,
                "trusted_service_access_enabled": false,
                "virtual_network_rule": []
              }
            ],
            "public_network_access_enabled": true,
            "resource_group_name": "swamp-rg",
            "sku": "Basic",
            "tags": {
              "Environment": "Development",
              "Project": "SWAMP"
            },
            "timeouts": null,
            "zone_redundant": false
          },
          "sensitive_attributes": [
            [
              {
                "type": "get_attr",
                "value": "default_primary_connection_string"
              }
            ],
            [
              {
                "type": "get_attr",
                "value": "default_primary_connection_string_alias"
              }
            ],
            [
              {
                "type": "get_attr",
                "value": "default_primary_key"
              }
            ],
            [
              {
                "type": "get_attr",
                "value": "default_secondary_connection_string"
              }
            ],
            [
              {
                "type": "get_attr",
                "value": "default_secondary_connection_string_alias"
              }
            ],
            [
              {
                "type": "get_attr",
                "value": "default_secondary_key"
              }
            ]
          ],
          "identity_schema_version": 0,
          "private": "eyJlMmJmYjczMC1lY2FhLTExZTYtOGY4OC0zNDM2M2JjN2M0YzAiOnsiY3JlYXRlIjoxODAwMDAwMDAwMDAwLCJkZWxldGUiOjE4MDAwMDAwMDAwMDAsInJlYWQiOjMwMDAwMDAwMDAwMCwidXBkYXRlIjoxODAwMDAwMDAwMDAwfX0=",
          "dependencies": [
            "azurerm_resource_group.main"
          ]
        }
      ]
    },
    {
      "mode": "managed",
      "type": "azurerm_linux_web_app",
      "name": "main",
      "provider": "provider[\"registry.terraform.io/hashicorp/azurerm\"]",
      "instances": [
        {
          "schema_version": 0,
          "attributes": {
            "app_settings": {
              "ENABLE_ORYX_BUILD": "true",
              "SCM_DO_BUILD_DURING_DEPLOYMENT": "true",
              "WEBSITE_NODE_DEFAULT_VERSION": "18-lts",
              "WEBSITE_RUN_FROM_PACKAGE": "0"
            },
            "auth_settings": [],
            "auth_settings_v2": [],
            "backup": [],
            "client_affinity_enabled": false,
            "client_certificate_enabled": false,
            "client_certificate_exclusion_paths": "",
            "client_certificate_mode": "Required",
            "connection_string": [],
            "custom_domain_verification_id": "63ABFA55B2EFFECB60239997AC9A0934F2D98E89D3F001827CE6BA87439085A9",
            "default_hostname": "swamp.azurewebsites.net",
            "enabled": true,
            "ftp_publish_basic_authentication_enabled": true,
            "hosting_environment_id": "",
            "https_only": true,
            "id": "/subscriptions/ab47ef45-77ac-4af6-9529-4a2c01833d92/resourceGroups/swamp-rg/providers/Microsoft.Web/sites/swamp",
            "identity": [],
            "key_vault_reference_identity_id": "SystemAssigned",
            "kind": "app,linux",
            "location": "norwayeast",
            "logs": [],
            "name": "swamp",
            "outbound_ip_address_list": [
              "51.13.21.58",
              "20.100.44.250",
              "20.100.45.80",
              "20.100.47.194",
              "20.100.136.67",
              "20.100.136.112",
              "51.120.73.77",
              "51.120.71.164",
              "51.120.73.74",
              "51.13.120.151",
              "51.13.121.73",
              "51.13.121.94",
              "51.120.98.195"
            ],
            "outbound_ip_addresses": "51.13.21.58,20.100.44.250,20.100.45.80,20.100.47.194,20.100.136.67,20.100.136.112,51.120.73.77,51.120.71.164,51.120.73.74,51.13.120.151,51.13.121.73,51.13.121.94,51.120.98.195",
            "possible_outbound_ip_address_list": [
              "51.13.21.58",
              "20.100.44.250",
              "20.100.45.80",
              "20.100.47.194",
              "20.100.136.67",
              "20.100.136.112",
              "51.120.73.77",
              "51.120.71.164",
              "51.120.73.74",
              "51.13.120.151",
              "51.13.121.73",
              "51.13.121.94",
              "51.120.72.164",
              "51.13.120.135",
              "51.13.122.8",
              "51.13.122.221",
              "51.13.122.14",
              "51.13.122.242",
              "51.13.120.146",
              "51.13.120.166",
              "51.13.120.109",
              "51.13.120.167",
              "51.120.68.238",
              "51.120.74.131",
              "51.13.94.205",
              "51.13.81.228",
              "51.13.94.75",
              "51.13.96.204",
              "51.13.75.45",
              "51.13.94.196",
              "51.120.98.195"
            ],
            "possible_outbound_ip_addresses": "51.13.21.58,20.100.44.250,20.100.45.80,20.100.47.194,20.100.136.67,20.100.136.112,51.120.73.77,51.120.71.164,51.120.73.74,51.13.120.151,51.13.121.73,51.13.121.94,51.120.72.164,51.13.120.135,51.13.122.8,51.13.122.221,51.13.122.14,51.13.122.242,51.13.120.146,51.13.120.166,51.13.120.109,51.13.120.167,51.120.68.238,51.120.74.131,51.13.94.205,51.13.81.228,51.13.94.75,51.13.96.204,51.13.75.45,51.13.94.196,51.120.98.195",
            "public_network_access_enabled": true,
            "resource_group_name": "swamp-rg",
            "service_plan_id": "/subscriptions/ab47ef45-77ac-4af6-9529-4a2c01833d92/resourceGroups/swamp-rg/providers/Microsoft.Web/serverfarms/swamp-plan",
            "site_config": [
              {
                "always_on": false,
                "api_definition_url": "",
                "api_management_api_id": "",
                "app_command_line": "",
                "application_stack": [
                  {
                    "docker_image": "",
                    "docker_image_name": "",
                    "docker_image_tag": "",
                    "docker_registry_password": "",
                    "docker_registry_url": "",
                    "docker_registry_username": "",
                    "dotnet_version": "",
                    "go_version": "",
                    "java_server": "",
                    "java_server_version": "",
                    "java_version": "",
                    "node_version": "18-lts",
                    "php_version": "",
                    "python_version": "",
                    "ruby_version": ""
                  }
                ],
                "auto_heal_enabled": false,
                "auto_heal_setting": [],
                "container_registry_managed_identity_client_id": "",
                "container_registry_use_managed_identity": false,
                "cors": [],
                "default_documents": [
                  "Default.htm",
                  "Default.html",
                  "Default.asp",
                  "index.htm",
                  "index.html",
                  "iisstart.htm",
                  "default.aspx",
                  "index.php",
                  "hostingstart.html"
                ],
                "detailed_error_logging_enabled": false,
                "ftps_state": "Disabled",
                "health_check_eviction_time_in_min": 0,
                "health_check_path": "",
                "http2_enabled": false,
                "ip_restriction": [],
                "linux_fx_version": "NODE|18-lts",
                "load_balancing_mode": "LeastRequests",
                "local_mysql_enabled": false,
                "managed_pipeline_mode": "Integrated",
                "minimum_tls_version": "1.2",
                "remote_debugging_enabled": false,
                "remote_debugging_version": "VS2022",
                "scm_ip_restriction": [],
                "scm_minimum_tls_version": "1.2",
                "scm_type": "None",
                "scm_use_main_ip_restriction": false,
                "use_32_bit_worker": true,
                "vnet_route_all_enabled": false,
                "websockets_enabled": false,
                "worker_count": 1
              }
            ],
            "site_credential": [
              {
                "name": "$swamp",
                "password": "qgKeS6atgQoY3degBHoxHMhJocdhHS3Z5ta47L47ppwadG6ipJWbMgt8ALfh"
              }
            ],
            "sticky_settings": [],
            "storage_account": [],
            "tags": {
              "Environment": "Development",
              "Project": "SWAMP"
            },
            "timeouts": null,
            "virtual_network_subnet_id": "",
            "webdeploy_publish_basic_authentication_enabled": true,
            "zip_deploy_file": ""
          },
          "sensitive_attributes": [
            [
              {
                "type": "get_attr",
                "value": "custom_domain_verification_id"
              }
            ],
            [
              {
                "type": "get_attr",
                "value": "site_config"
              },
              {
                "type": "index",
                "value": {
                  "value": 0,
                  "type": "number"
                }
              },
              {
                "type": "get_attr",
                "value": "application_stack"
              },
              {
                "type": "index",
                "value": {
                  "value": 0,
                  "type": "number"
                }
              },
              {
                "type": "get_attr",
                "value": "docker_registry_password"
              }
            ],
            [
              {
                "type": "get_attr",
                "value": "site_credential"
              }
            ]
          ],
          "identity_schema_version": 0,
          "private": "eyJlMmJmYjczMC1lY2FhLTExZTYtOGY4OC0zNDM2M2JjN2M0YzAiOnsiY3JlYXRlIjoxODAwMDAwMDAwMDAwLCJkZWxldGUiOjE4MDAwMDAwMDAwMDAsInJlYWQiOjMwMDAwMDAwMDAwMCwidXBkYXRlIjoxODAwMDAwMDAwMDAwfX0=",
          "dependencies": [
            "azurerm_resource_group.main",
            "azurerm_service_plan.main"
          ]
        }
      ]
    },
    {
      "mode": "managed",
      "type": "azurerm_log_analytics_workspace",
      "name": "main",
      "provider": "provider[\"registry.terraform.io/hashicorp/azurerm\"]",
      "instances": [
        {
          "schema_version": 3,
          "attributes": {
            "allow_resource_only_permissions": true,
            "cmk_for_query_forced": false,
            "daily_quota_gb": -1,
            "data_collection_rule_id": "",
            "id": "/subscriptions/ab47ef45-77ac-4af6-9529-4a2c01833d92/resourceGroups/swamp-rg/providers/Microsoft.OperationalInsights/workspaces/swamp-logs",
            "identity": [],
            "immediate_data_purge_on_30_days_enabled": false,
            "internet_ingestion_enabled": true,
            "internet_query_enabled": true,
            "local_authentication_disabled": false,
            "location": "norwayeast",
            "name": "swamp-logs",
            "primary_shared_key": "rGEb9cLvC+V3IGIi8f7NSjcEzJJ9GuSh67EMA2wnSQO1K9yIfeymAQRGTOdO2Z0JRZA/z09mMCidEjCNjaN3gQ==",
            "reservation_capacity_in_gb_per_day": null,
            "resource_group_name": "swamp-rg",
            "retention_in_days": 30,
            "secondary_shared_key": "g2+SzM3RUuDyLNKKECaayUAIQPmjjW28dk4JYiUB0UaB+3rBx3RkDqa5Aho+bm9Qrtb/uJ+uit644NUViQuKvQ==",
            "sku": "PerGB2018",
            "tags": {
              "Environment": "Development",
              "Project": "SWAMP"
            },
            "timeouts": null,
            "workspace_id": "69fa1907-182c-4d0e-815c-0d3c16c27ae7"
          },
          "sensitive_attributes": [
            [
              {
                "type": "get_attr",
                "value": "primary_shared_key"
              }
            ],
            [
              {
                "type": "get_attr",
                "value": "secondary_shared_key"
              }
            ]
          ],
          "identity_schema_version": 0,
          "private": "eyJlMmJmYjczMC1lY2FhLTExZTYtOGY4OC0zNDM2M2JjN2M0YzAiOnsiY3JlYXRlIjoxODAwMDAwMDAwMDAwLCJkZWxldGUiOjE4MDAwMDAwMDAwMDAsInJlYWQiOjMwMDAwMDAwMDAwMCwidXBkYXRlIjoxODAwMDAwMDAwMDAwfSwic2NoZW1hX3ZlcnNpb24iOiIzIn0=",
          "dependencies": [
            "azurerm_resource_group.main"
          ]
        }
      ]
    },
    {
      "mode": "managed",
      "type": "azurerm_resource_group",
      "name": "main",
      "provider": "provider[\"registry.terraform.io/hashicorp/azurerm\"]",
      "instances": [
        {
          "schema_version": 0,
          "attributes": {
            "id": "/subscriptions/ab47ef45-77ac-4af6-9529-4a2c01833d92/resourceGroups/swamp-rg",
            "location": "norwayeast",
            "managed_by": "",
            "name": "swamp-rg",
            "tags": {
              "Environment": "Development",
              "ManagedBy": "Terraform",
              "Project": "SWAMP"
            },
            "timeouts": null
          },
          "sensitive_attributes": [],
          "identity_schema_version": 0,
          "private": "eyJlMmJmYjczMC1lY2FhLTExZTYtOGY4OC0zNDM2M2JjN2M0YzAiOnsiY3JlYXRlIjo1NDAwMDAwMDAwMDAwLCJkZWxldGUiOjU0MDAwMDAwMDAwMDAsInJlYWQiOjMwMDAwMDAwMDAwMCwidXBkYXRlIjo1NDAwMDAwMDAwMDAwfX0="
        }
      ]
    },
    {
      "mode": "managed",
      "type": "azurerm_service_plan",
      "name": "main",
      "provider": "provider[\"registry.terraform.io/hashicorp/azurerm\"]",
      "instances": [
        {
          "schema_version": 0,
          "attributes": {
            "app_service_environment_id": "",
            "id": "/subscriptions/ab47ef45-77ac-4af6-9529-4a2c01833d92/resourceGroups/swamp-rg/providers/Microsoft.Web/serverfarms/swamp-plan",
            "kind": "linux",
            "location": "norwayeast",
            "maximum_elastic_worker_count": 1,
            "name": "swamp-plan",
            "os_type": "Linux",
            "per_site_scaling_enabled": false,
            "reserved": true,
            "resource_group_name": "swamp-rg",
            "sku_name": "F1",
            "tags": {
              "Environment": "Development",
              "Project": "SWAMP"
            },
            "timeouts": null,
            "worker_count": 1,
            "zone_balancing_enabled": false
          },
          "sensitive_attributes": [],
          "identity_schema_version": 0,
          "private": "eyJlMmJmYjczMC1lY2FhLTExZTYtOGY4OC0zNDM2M2JjN2M0YzAiOnsiY3JlYXRlIjozNjAwMDAwMDAwMDAwLCJkZWxldGUiOjM2MDAwMDAwMDAwMDAsInJlYWQiOjMwMDAwMDAwMDAwMCwidXBkYXRlIjozNjAwMDAwMDAwMDAwfX0=",
          "dependencies": [
            "azurerm_resource_group.main"
          ]
        }
      ]
    }
  ],
  "check_results": null
}
